{
  "pins" : [
    {
      "identity" : "opentelemetry-swift-packages",
      "kind" : "remoteSourceControl",
      "location" : "https://github.com/DataDog/opentelemetry-swift-packages.git",
      "state" : {
        "revision" : "4a7295600d4ebb9525a23c11586c5fdb74ae8b7e",
        "version" : "1.13.1"
      }
    },
    {
      "identity" : "swift-atomics",
      "kind" : "remoteSourceControl",
      "location" : "https://github.com/apple/swift-atomics.git",
      "state" : {
        "revision" : "b601256eab081c0f92f059e12818ac1d4f178ff7",
        "version" : "1.3.0"
      }
    }
  ],
  "version" : 2
}
